
Microsoft Visual Studio Solution File, Format Version 12.00
# Visual Studio Version 17
VisualStudioVersion = 17.7.34009.444
MinimumVisualStudioVersion = 10.0.40219.1
Project("{FAE04EC0-301F-11D3-BF4B-00C04F79EFBC}") = "AppAPI", "AppAPI\AppAPI.csproj", "{D3B76192-5F49-43A9-8F7F-D1C2AD0213DC}"
EndProject
Project("{FAE04EC0-301F-11D3-BF4B-00C04F79EFBC}") = "AuthenticationAPI", "AuthenticationAPI\AuthenticationAPI.csproj", "{0FC96527-11E8-44BA-8DA6-8F561EDC4E80}"
EndProject
Project("{FAE04EC0-301F-11D3-BF4B-00C04F79EFBC}") = "RecipesAPI", "RecipesAPI\RecipesAPI.csproj", "{429F1687-ECCE-43E9-B520-8011F2192ED5}"
EndProject
Project("{FAE04EC0-301F-11D3-BF4B-00C04F79EFBC}") = "RecommendationAPI", "RecommendationAPI\RecommendationAPI.csproj", "{533D82F3-6E75-47EC-832C-D2A43098E4E1}"
EndProject
Project("{FAE04EC0-301F-11D3-BF4B-00C04F79EFBC}") = "CalendarAPI", "CalendarAPI\CalendarAPI.csproj", "{469B972C-3588-482D-B64A-DF004DAF868A}"
EndProject
Project("{FAE04EC0-301F-11D3-BF4B-00C04F79EFBC}") = "WorkoutPlanAPI", "WorkoutPlanAPI\WorkoutPlanAPI.csproj", "{46C12969-E088-4AD7-92E0-2EC705D08711}"
EndProject
Global
	GlobalSection(SolutionConfigurationPlatforms) = preSolution
		Debug|Any CPU = Debug|Any CPU
		Release|Any CPU = Release|Any CPU
	EndGlobalSection
	GlobalSection(ProjectConfigurationPlatforms) = postSolution
		{D3B76192-5F49-43A9-8F7F-D1C2AD0213DC}.Debug|Any CPU.ActiveCfg = Debug|Any CPU
		{D3B76192-5F49-43A9-8F7F-D1C2AD0213DC}.Debug|Any CPU.Build.0 = Debug|Any CPU
		{D3B76192-5F49-43A9-8F7F-D1C2AD0213DC}.Release|Any CPU.ActiveCfg = Release|Any CPU
		{D3B76192-5F49-43A9-8F7F-D1C2AD0213DC}.Release|Any CPU.Build.0 = Release|Any CPU
		{0FC96527-11E8-44BA-8DA6-8F561EDC4E80}.Debug|Any CPU.ActiveCfg = Debug|Any CPU
		{0FC96527-11E8-44BA-8DA6-8F561EDC4E80}.Debug|Any CPU.Build.0 = Debug|Any CPU
		{0FC96527-11E8-44BA-8DA6-8F561EDC4E80}.Release|Any CPU.ActiveCfg = Release|Any CPU
		{0FC96527-11E8-44BA-8DA6-8F561EDC4E80}.Release|Any CPU.Build.0 = Release|Any CPU
		{429F1687-ECCE-43E9-B520-8011F2192ED5}.Debug|Any CPU.ActiveCfg = Debug|Any CPU
		{429F1687-ECCE-43E9-B520-8011F2192ED5}.Debug|Any CPU.Build.0 = Debug|Any CPU
		{429F1687-ECCE-43E9-B520-8011F2192ED5}.Release|Any CPU.ActiveCfg = Release|Any CPU
		{429F1687-ECCE-43E9-B520-8011F2192ED5}.Release|Any CPU.Build.0 = Release|Any CPU
		{533D82F3-6E75-47EC-832C-D2A43098E4E1}.Debug|Any CPU.ActiveCfg = Debug|Any CPU
		{533D82F3-6E75-47EC-832C-D2A43098E4E1}.Debug|Any CPU.Build.0 = Debug|Any CPU
		{533D82F3-6E75-47EC-832C-D2A43098E4E1}.Release|Any CPU.ActiveCfg = Release|Any CPU
		{533D82F3-6E75-47EC-832C-D2A43098E4E1}.Release|Any CPU.Build.0 = Release|Any CPU
		{469B972C-3588-482D-B64A-DF004DAF868A}.Debug|Any CPU.ActiveCfg = Debug|Any CPU
		{469B972C-3588-482D-B64A-DF004DAF868A}.Debug|Any CPU.Build.0 = Debug|Any CPU
		{469B972C-3588-482D-B64A-DF004DAF868A}.Release|Any CPU.ActiveCfg = Release|Any CPU
		{469B972C-3588-482D-B64A-DF004DAF868A}.Release|Any CPU.Build.0 = Release|Any CPU
		{46C12969-E088-4AD7-92E0-2EC705D08711}.Debug|Any CPU.ActiveCfg = Debug|Any CPU
		{46C12969-E088-4AD7-92E0-2EC705D08711}.Debug|Any CPU.Build.0 = Debug|Any CPU
		{46C12969-E088-4AD7-92E0-2EC705D08711}.Release|Any CPU.ActiveCfg = Release|Any CPU
		{46C12969-E088-4AD7-92E0-2EC705D08711}.Release|Any CPU.Build.0 = Release|Any CPU
	EndGlobalSection
	GlobalSection(SolutionProperties) = preSolution
		HideSolutionNode = FALSE
	EndGlobalSection
	GlobalSection(ExtensibilityGlobals) = postSolution
		SolutionGuid = {E70051EC-0319-4484-A738-59B9E2F2C4EC}
	EndGlobalSection
EndGlobal
